// !$*UTF8*$!
{
	archiveVersion = 1;
	classes = {
	};
	objectVersion = 56;
	objects = {

/* Begin PBXBuildFile section */
		AF146D5B297BFFE0000B7240 /* main.cpp in Sources */ = {isa = PBXBuildFile; fileRef = AF146D5A297BFFE0000B7240 /* main.cpp */; };
		AF65FA1D297DB502005964CF /* Accelerate.framework in Frameworks */ = {isa = PBXBuildFile; fileRef = AF65FA1C297DB502005964CF /* Accelerate.framework */; };
		AF65FA1F297DB50E005964CF /* Foundation.framework in Frameworks */ = {isa = PBXBuildFile; fileRef = AF65FA1E297DB50E005964CF /* Foundation.framework */; };
		AF65FA21297DB525005964CF /* Metal.framework in Frameworks */ = {isa = PBXBuildFile; fileRef = AF65FA20297DB525005964CF /* Metal.framework */; };
		AF65FA24297E601D005964CF /* CoreGraphics.framework in Frameworks */ = {isa = PBXBuildFile; fileRef = AF65FA23297E601D005964CF /* CoreGraphics.framework */; };
/* End PBXBuildFile section */

/* Begin PBXCopyFilesBuildPhase section */
		AF146D55297BFFE0000B7240 /* CopyFiles */ = {
			isa = PBXCopyFilesBuildPhase;
			buildActionMask = 2147483647;
			dstPath = /usr/share/man/man1/;
			dstSubfolderSpec = 0;
			files = (
			);
			runOnlyForDeploymentPostprocessing = 1;
		};
/* End PBXCopyFilesBuildPhase section */

/* Begin PBXFileReference section */
		AF146D57297BFFE0000B7240 /* BAEMM */ = {isa = PBXFileReference; explicitFileType = "compiled.mach-o.executable"; includeInIndex = 0; path = BAEMM; sourceTree = BUILT_PRODUCTS_DIR; };
		AF146D5A297BFFE0000B7240 /* main.cpp */ = {isa = PBXFileReference; lastKnownFileType = sourcecode.cpp.cpp; path = main.cpp; sourceTree = "<group>"; };
		AF65FA17297C74AD005964CF /* Meshes */ = {isa = PBXFileReference; lastKnownFileType = folder; path = Meshes; sourceTree = "<group>"; };
		AF65FA18297C780B005964CF /* BAEMM.entitlements */ = {isa = PBXFileReference; lastKnownFileType = text.plist.entitlements; path = BAEMM.entitlements; sourceTree = "<group>"; };
		AF65FA1A297C7E3A005964CF /* BAEMM.hpp */ = {isa = PBXFileReference; lastKnownFileType = sourcecode.cpp.h; path = BAEMM.hpp; sourceTree = "<group>"; };
		AF65FA1C297DB502005964CF /* Accelerate.framework */ = {isa = PBXFileReference; lastKnownFileType = wrapper.framework; name = Accelerate.framework; path = System/Library/Frameworks/Accelerate.framework; sourceTree = SDKROOT; };
		AF65FA1E297DB50E005964CF /* Foundation.framework */ = {isa = PBXFileReference; lastKnownFileType = wrapper.framework; name = Foundation.framework; path = System/Library/Frameworks/Foundation.framework; sourceTree = SDKROOT; };
		AF65FA20297DB525005964CF /* Metal.framework */ = {isa = PBXFileReference; lastKnownFileType = wrapper.framework; name = Metal.framework; path = System/Library/Frameworks/Metal.framework; sourceTree = SDKROOT; };
		AF65FA22297DE7EE005964CF /* metal-cpp */ = {isa = PBXFileReference; lastKnownFileType = folder; path = "metal-cpp"; sourceTree = "<group>"; };
		AF65FA23297E601D005964CF /* CoreGraphics.framework */ = {isa = PBXFileReference; lastKnownFileType = wrapper.framework; name = CoreGraphics.framework; path = System/Library/Frameworks/CoreGraphics.framework; sourceTree = SDKROOT; };
		AF9F3744297C004600F3C43A /* src */ = {isa = PBXFileReference; lastKnownFileType = folder; path = src; sourceTree = "<group>"; };
		AF9F3745297C00C800F3C43A /* Repulsor */ = {isa = PBXFileReference; lastKnownFileType = folder; path = Repulsor; sourceTree = "<group>"; };
/* End PBXFileReference section */

/* Begin PBXFrameworksBuildPhase section */
		AF146D54297BFFE0000B7240 /* Frameworks */ = {
			isa = PBXFrameworksBuildPhase;
			buildActionMask = 2147483647;
			files = (
				AF65FA24297E601D005964CF /* CoreGraphics.framework in Frameworks */,
				AF65FA1D297DB502005964CF /* Accelerate.framework in Frameworks */,
				AF65FA21297DB525005964CF /* Metal.framework in Frameworks */,
				AF65FA1F297DB50E005964CF /* Foundation.framework in Frameworks */,
			);
			runOnlyForDeploymentPostprocessing = 0;
		};
/* End PBXFrameworksBuildPhase section */

/* Begin PBXGroup section */
		AF146D4E297BFFE0000B7240 = {
			isa = PBXGroup;
			children = (
				AF65FA22297DE7EE005964CF /* metal-cpp */,
				AF65FA1A297C7E3A005964CF /* BAEMM.hpp */,
				AF65FA17297C74AD005964CF /* Meshes */,
				AF9F3745297C00C800F3C43A /* Repulsor */,
				AF9F3744297C004600F3C43A /* src */,
				AF146D59297BFFE0000B7240 /* BAEMM */,
				AF146D58297BFFE0000B7240 /* Products */,
				AF65FA1B297DB502005964CF /* Frameworks */,
			);
			sourceTree = "<group>";
		};
		AF146D58297BFFE0000B7240 /* Products */ = {
			isa = PBXGroup;
			children = (
				AF146D57297BFFE0000B7240 /* BAEMM */,
			);
			name = Products;
			sourceTree = "<group>";
		};
		AF146D59297BFFE0000B7240 /* BAEMM */ = {
			isa = PBXGroup;
			children = (
				AF65FA18297C780B005964CF /* BAEMM.entitlements */,
				AF146D5A297BFFE0000B7240 /* main.cpp */,
			);
			path = BAEMM;
			sourceTree = "<group>";
		};
		AF65FA1B297DB502005964CF /* Frameworks */ = {
			isa = PBXGroup;
			children = (
				AF65FA23297E601D005964CF /* CoreGraphics.framework */,
				AF65FA20297DB525005964CF /* Metal.framework */,
				AF65FA1E297DB50E005964CF /* Foundation.framework */,
				AF65FA1C297DB502005964CF /* Accelerate.framework */,
			);
			name = Frameworks;
			sourceTree = "<group>";
		};
/* End PBXGroup section */

/* Begin PBXNativeTarget section */
		AF146D56297BFFE0000B7240 /* BAEMM */ = {
			isa = PBXNativeTarget;
			buildConfigurationList = AF146D5E297BFFE0000B7240 /* Build configuration list for PBXNativeTarget "BAEMM" */;
			buildPhases = (
				AF146D53297BFFE0000B7240 /* Sources */,
				AF146D54297BFFE0000B7240 /* Frameworks */,
				AF146D55297BFFE0000B7240 /* CopyFiles */,
			);
			buildRules = (
			);
			dependencies = (
			);
			name = BAEMM;
			productName = "BÄMM!";
			productReference = AF146D57297BFFE0000B7240 /* BAEMM */;
			productType = "com.apple.product-type.tool";
		};
/* End PBXNativeTarget section */

/* Begin PBXProject section */
		AF146D4F297BFFE0000B7240 /* Project object */ = {
			isa = PBXProject;
			attributes = {
				BuildIndependentTargetsInParallel = 1;
				LastUpgradeCheck = 1420;
				TargetAttributes = {
					AF146D56297BFFE0000B7240 = {
						CreatedOnToolsVersion = 14.2;
					};
				};
			};
			buildConfigurationList = AF146D52297BFFE0000B7240 /* Build configuration list for PBXProject "BAEMM" */;
			compatibilityVersion = "Xcode 14.0";
			developmentRegion = en;
			hasScannedForEncodings = 0;
			knownRegions = (
				en,
				Base,
			);
			mainGroup = AF146D4E297BFFE0000B7240;
			productRefGroup = AF146D58297BFFE0000B7240 /* Products */;
			projectDirPath = "";
			projectRoot = "";
			targets = (
				AF146D56297BFFE0000B7240 /* BAEMM */,
			);
		};
/* End PBXProject section */

/* Begin PBXSourcesBuildPhase section */
		AF146D53297BFFE0000B7240 /* Sources */ = {
			isa = PBXSourcesBuildPhase;
			buildActionMask = 2147483647;
			files = (
				AF146D5B297BFFE0000B7240 /* main.cpp in Sources */,
			);
			runOnlyForDeploymentPostprocessing = 0;
		};
/* End PBXSourcesBuildPhase section */

/* Begin XCBuildConfiguration section */
		AF146D5C297BFFE0000B7240 /* Debug */ = {
			isa = XCBuildConfiguration;
			buildSettings = {
				ALWAYS_SEARCH_USER_PATHS = NO;
				CLANG_ANALYZER_NONNULL = YES;
				CLANG_ANALYZER_NUMBER_OBJECT_CONVERSION = YES_AGGRESSIVE;
				CLANG_CXX_LANGUAGE_STANDARD = "c++20";
				CLANG_ENABLE_MODULES = YES;
				CLANG_ENABLE_OBJC_ARC = YES;
				CLANG_ENABLE_OBJC_WEAK = YES;
				CLANG_WARN_BLOCK_CAPTURE_AUTORELEASING = YES;
				CLANG_WARN_BOOL_CONVERSION = YES;
				CLANG_WARN_COMMA = YES;
				CLANG_WARN_CONSTANT_CONVERSION = YES;
				CLANG_WARN_DEPRECATED_OBJC_IMPLEMENTATIONS = YES;
				CLANG_WARN_DIRECT_OBJC_ISA_USAGE = YES_ERROR;
				CLANG_WARN_DOCUMENTATION_COMMENTS = YES;
				CLANG_WARN_EMPTY_BODY = YES;
				CLANG_WARN_ENUM_CONVERSION = YES;
				CLANG_WARN_INFINITE_RECURSION = YES;
				CLANG_WARN_INT_CONVERSION = YES;
				CLANG_WARN_NON_LITERAL_NULL_CONVERSION = YES;
				CLANG_WARN_OBJC_IMPLICIT_RETAIN_SELF = YES;
				CLANG_WARN_OBJC_LITERAL_CONVERSION = YES;
				CLANG_WARN_OBJC_ROOT_CLASS = YES_ERROR;
				CLANG_WARN_QUOTED_INCLUDE_IN_FRAMEWORK_HEADER = YES;
				CLANG_WARN_RANGE_LOOP_ANALYSIS = YES;
				CLANG_WARN_STRICT_PROTOTYPES = YES;
				CLANG_WARN_SUSPICIOUS_MOVE = YES;
				CLANG_WARN_UNGUARDED_AVAILABILITY = YES_AGGRESSIVE;
				CLANG_WARN_UNREACHABLE_CODE = YES;
				CLANG_WARN__DUPLICATE_METHOD_MATCH = YES;
				CODE_SIGN_IDENTITY = "Apple Development";
				COPY_PHASE_STRIP = NO;
				DEBUG_INFORMATION_FORMAT = dwarf;
				ENABLE_STRICT_OBJC_MSGSEND = YES;
				ENABLE_TESTABILITY = YES;
				GCC_C_LANGUAGE_STANDARD = gnu11;
				GCC_DYNAMIC_NO_PIC = NO;
				GCC_NO_COMMON_BLOCKS = YES;
				GCC_OPTIMIZATION_LEVEL = 0;
				GCC_PREPROCESSOR_DEFINITIONS = (
					"DEBUG=1",
					"$(inherited)",
				);
				GCC_WARN_64_TO_32_BIT_CONVERSION = YES;
				GCC_WARN_ABOUT_RETURN_TYPE = YES_ERROR;
				GCC_WARN_UNDECLARED_SELECTOR = YES;
				GCC_WARN_UNINITIALIZED_AUTOS = YES_AGGRESSIVE;
				GCC_WARN_UNUSED_FUNCTION = YES;
				GCC_WARN_UNUSED_VARIABLE = YES;
				HEADER_SEARCH_PATHS = /opt/homebrew/opt/libomp/include;
				LIBRARY_SEARCH_PATHS = /opt/homebrew/opt/libomp/lib;
				MACOSX_DEPLOYMENT_TARGET = 13.1;
				MTL_ENABLE_DEBUG_INFO = INCLUDE_SOURCE;
				MTL_FAST_MATH = YES;
				ONLY_ACTIVE_ARCH = YES;
				OTHER_CPLUSPLUSFLAGS = (
					"$(OTHER_CFLAGS)",
					"-Xpreprocessor",
					"-fopenmp",
					"-flto",
				);
				OTHER_LDFLAGS = (
					"-lm",
					"-ldl",
					"-lomp",
				);
				SDKROOT = macosx;
				SYSTEM_HEADER_SEARCH_PATHS = (
					/opt/homebrew/opt/libomp/include,
					"/Users/Henrik/github/BAEMM/metal-cpp",
				);
			};
			name = Debug;
		};
		AF146D5D297BFFE0000B7240 /* Release */ = {
			isa = XCBuildConfiguration;
			buildSettings = {
				ALWAYS_SEARCH_USER_PATHS = NO;
				CLANG_ANALYZER_NONNULL = YES;
				CLANG_ANALYZER_NUMBER_OBJECT_CONVERSION = YES_AGGRESSIVE;
				CLANG_CXX_LANGUAGE_STANDARD = "c++20";
				CLANG_ENABLE_MODULES = YES;
				CLANG_ENABLE_OBJC_ARC = YES;
				CLANG_ENABLE_OBJC_WEAK = YES;
				CLANG_WARN_BLOCK_CAPTURE_AUTORELEASING = YES;
				CLANG_WARN_BOOL_CONVERSION = YES;
				CLANG_WARN_COMMA = YES;
				CLANG_WARN_CONSTANT_CONVERSION = YES;
				CLANG_WARN_DEPRECATED_OBJC_IMPLEMENTATIONS = YES;
				CLANG_WARN_DIRECT_OBJC_ISA_USAGE = YES_ERROR;
				CLANG_WARN_DOCUMENTATION_COMMENTS = YES;
				CLANG_WARN_EMPTY_BODY = YES;
				CLANG_WARN_ENUM_CONVERSION = YES;
				CLANG_WARN_INFINITE_RECURSION = YES;
				CLANG_WARN_INT_CONVERSION = YES;
				CLANG_WARN_NON_LITERAL_NULL_CONVERSION = YES;
				CLANG_WARN_OBJC_IMPLICIT_RETAIN_SELF = YES;
				CLANG_WARN_OBJC_LITERAL_CONVERSION = YES;
				CLANG_WARN_OBJC_ROOT_CLASS = YES_ERROR;
				CLANG_WARN_QUOTED_INCLUDE_IN_FRAMEWORK_HEADER = YES;
				CLANG_WARN_RANGE_LOOP_ANALYSIS = YES;
				CLANG_WARN_STRICT_PROTOTYPES = YES;
				CLANG_WARN_SUSPICIOUS_MOVE = YES;
				CLANG_WARN_UNGUARDED_AVAILABILITY = YES_AGGRESSIVE;
				CLANG_WARN_UNREACHABLE_CODE = YES;
				CLANG_WARN__DUPLICATE_METHOD_MATCH = YES;
				CODE_SIGN_IDENTITY = "Apple Development";
				COPY_PHASE_STRIP = NO;
				DEBUG_INFORMATION_FORMAT = "dwarf-with-dsym";
				ENABLE_NS_ASSERTIONS = NO;
				ENABLE_STRICT_OBJC_MSGSEND = YES;
				GCC_C_LANGUAGE_STANDARD = gnu11;
				GCC_NO_COMMON_BLOCKS = YES;
				GCC_OPTIMIZATION_LEVEL = fast;
				GCC_WARN_64_TO_32_BIT_CONVERSION = YES;
				GCC_WARN_ABOUT_RETURN_TYPE = YES_ERROR;
				GCC_WARN_UNDECLARED_SELECTOR = YES;
				GCC_WARN_UNINITIALIZED_AUTOS = YES_AGGRESSIVE;
				GCC_WARN_UNUSED_FUNCTION = YES;
				GCC_WARN_UNUSED_VARIABLE = YES;
				HEADER_SEARCH_PATHS = /opt/homebrew/opt/libomp/include;
				LIBRARY_SEARCH_PATHS = /opt/homebrew/opt/libomp/lib;
				MACOSX_DEPLOYMENT_TARGET = 13.1;
				MTL_ENABLE_DEBUG_INFO = NO;
				MTL_FAST_MATH = YES;
				ONLY_ACTIVE_ARCH = YES;
				OTHER_CPLUSPLUSFLAGS = (
					"$(OTHER_CFLAGS)",
					"-Xpreprocessor",
					"-fopenmp",
					"-flto",
				);
				OTHER_LDFLAGS = (
					"-lm",
					"-ldl",
					"-lomp",
				);
				SDKROOT = macosx;
				SYSTEM_HEADER_SEARCH_PATHS = (
					/opt/homebrew/opt/libomp/include,
					"/Users/Henrik/github/BAEMM/metal-cpp",
				);
			};
			name = Release;
		};
		AF146D5F297BFFE0000B7240 /* Debug */ = {
			isa = XCBuildConfiguration;
			buildSettings = {
				CODE_SIGN_ENTITLEMENTS = BAEMM/BAEMM.entitlements;
				CODE_SIGN_STYLE = Automatic;
				DEVELOPMENT_TEAM = Y6DQ749ZRT;
				ENABLE_HARDENED_RUNTIME = YES;
				OTHER_CPLUSPLUSFLAGS = (
					"$(OTHER_CFLAGS)",
					"-Xpreprocessor",
					"-fopenmp",
					"-flto",
					"-fno-math-errno",
					"-ffast-math",
				);
				PRODUCT_NAME = "$(TARGET_NAME)";
				VALIDATE_PRODUCT = NO;
			};
			name = Debug;
		};
		AF146D60297BFFE0000B7240 /* Release */ = {
			isa = XCBuildConfiguration;
			buildSettings = {
				CODE_SIGN_ENTITLEMENTS = BAEMM/BAEMM.entitlements;
				CODE_SIGN_STYLE = Automatic;
				DEVELOPMENT_TEAM = Y6DQ749ZRT;
				ENABLE_HARDENED_RUNTIME = YES;
				OTHER_CPLUSPLUSFLAGS = (
					"$(OTHER_CFLAGS)",
					"-Xpreprocessor",
					"-fopenmp",
					"-flto",
					"-fno-math-errno",
					"-ffast-math",
				);
				PRODUCT_NAME = "$(TARGET_NAME)";
				VALIDATE_PRODUCT = NO;
			};
			name = Release;
		};
/* End XCBuildConfiguration section */

/* Begin XCConfigurationList section */
		AF146D52297BFFE0000B7240 /* Build configuration list for PBXProject "BAEMM" */ = {
			isa = XCConfigurationList;
			buildConfigurations = (
				AF146D5C297BFFE0000B7240 /* Debug */,
				AF146D5D297BFFE0000B7240 /* Release */,
			);
			defaultConfigurationIsVisible = 0;
			defaultConfigurationName = Release;
		};
		AF146D5E297BFFE0000B7240 /* Build configuration list for PBXNativeTarget "BAEMM" */ = {
			isa = XCConfigurationList;
			buildConfigurations = (
				AF146D5F297BFFE0000B7240 /* Debug */,
				AF146D60297BFFE0000B7240 /* Release */,
			);
			defaultConfigurationIsVisible = 0;
			defaultConfigurationName = Release;
		};
/* End XCConfigurationList section */
	};
	rootObject = AF146D4F297BFFE0000B7240 /* Project object */;
}
