// !$*UTF8*$!
{
	archiveVersion = 1;
	classes = {
	};
	objectVersion = 56;
	objects = {

/* Begin PBXBuildFile section */
		AF1A0AB22C4BD120008E55D5 /* main.cpp in Sources */ = {isa = PBXBuildFile; fileRef = AF1A0AB12C4BD120008E55D5 /* main.cpp */; };
		AF1A0AB72C4BD725008E55D5 /* Accelerate.framework in Frameworks */ = {isa = PBXBuildFile; fileRef = AFA1CF12298E572A00085994 /* Accelerate.framework */; };
		AF1A0AB92C4BD72B008E55D5 /* OpenCL.framework in Frameworks */ = {isa = PBXBuildFile; fileRef = AF1A0AB82C4BD72B008E55D5 /* OpenCL.framework */; };
		AFA1CF1F298E588E00085994 /* main.cpp in Sources */ = {isa = PBXBuildFile; fileRef = AFA1CF1E298E588E00085994 /* main.cpp */; };
		AFA1CF24298E59A100085994 /* Accelerate.framework in Frameworks */ = {isa = PBXBuildFile; fileRef = AFA1CF12298E572A00085994 /* Accelerate.framework */; };
		AFA1CF25298E59A600085994 /* Metal.framework in Frameworks */ = {isa = PBXBuildFile; fileRef = AFA1CF16298E573E00085994 /* Metal.framework */; };
		AFA1CF26298E59AB00085994 /* Foundation.framework in Frameworks */ = {isa = PBXBuildFile; fileRef = AFA1CF14298E573500085994 /* Foundation.framework */; };
		AFDE648D2C57B44100CA4669 /* main.cpp in Sources */ = {isa = PBXBuildFile; fileRef = AFDE648C2C57B44100CA4669 /* main.cpp */; };
		AFDE64912C57B44500CA4669 /* Accelerate.framework in Frameworks */ = {isa = PBXBuildFile; fileRef = AFA1CF12298E572A00085994 /* Accelerate.framework */; };
		AFDE64922C57B44A00CA4669 /* OpenCL.framework in Frameworks */ = {isa = PBXBuildFile; fileRef = AF1A0AB82C4BD72B008E55D5 /* OpenCL.framework */; };
/* End PBXBuildFile section */

/* Begin PBXCopyFilesBuildPhase section */
		AF1A0AAD2C4BD120008E55D5 /* CopyFiles */ = {
			isa = PBXCopyFilesBuildPhase;
			buildActionMask = 2147483647;
			dstPath = /usr/share/man/man1/;
			dstSubfolderSpec = 0;
			files = (
			);
			runOnlyForDeploymentPostprocessing = 1;
		};
		AFA1CF1A298E588D00085994 /* CopyFiles */ = {
			isa = PBXCopyFilesBuildPhase;
			buildActionMask = 2147483647;
			dstPath = /usr/share/man/man1/;
			dstSubfolderSpec = 0;
			files = (
			);
			runOnlyForDeploymentPostprocessing = 1;
		};
		AFDE64882C57B44100CA4669 /* CopyFiles */ = {
			isa = PBXCopyFilesBuildPhase;
			buildActionMask = 2147483647;
			dstPath = /usr/share/man/man1/;
			dstSubfolderSpec = 0;
			files = (
			);
			runOnlyForDeploymentPostprocessing = 1;
		};
/* End PBXCopyFilesBuildPhase section */

/* Begin PBXFileReference section */
		AF12A5E12C5BD2EC009ED3DF /* ReadMeshFromSTL.hpp */ = {isa = PBXFileReference; lastKnownFileType = sourcecode.cpp.h; path = ReadMeshFromSTL.hpp; sourceTree = "<group>"; };
		AF1A0A9F2C4BA3AB008E55D5 /* Helmholtz_OpenCL.hpp */ = {isa = PBXFileReference; lastKnownFileType = sourcecode.cpp.h; path = Helmholtz_OpenCL.hpp; sourceTree = "<group>"; };
		AF1A0AA02C4BA3AB008E55D5 /* Meshes */ = {isa = PBXFileReference; lastKnownFileType = folder; path = Meshes; sourceTree = "<group>"; };
		AF1A0AA22C4BA3AB008E55D5 /* main */ = {isa = PBXFileReference; lastKnownFileType = folder; path = main; sourceTree = "<group>"; };
		AF1A0AA32C4BA3AB008E55D5 /* src */ = {isa = PBXFileReference; lastKnownFileType = folder; path = src; sourceTree = "<group>"; };
		AF1A0AA52C4BA3AB008E55D5 /* Mathematica */ = {isa = PBXFileReference; lastKnownFileType = folder; path = Mathematica; sourceTree = "<group>"; };
		AF1A0AA72C4BA3AB008E55D5 /* ReadWrite */ = {isa = PBXFileReference; lastKnownFileType = folder; path = ReadWrite; sourceTree = "<group>"; };
		AF1A0AA82C4BA3AB008E55D5 /* submodules */ = {isa = PBXFileReference; lastKnownFileType = folder; path = submodules; sourceTree = "<group>"; };
		AF1A0AAA2C4BA458008E55D5 /* Helmholtz_CPU.hpp */ = {isa = PBXFileReference; lastKnownFileType = sourcecode.cpp.h; path = Helmholtz_CPU.hpp; sourceTree = "<group>"; };
		AF1A0AAF2C4BD120008E55D5 /* BAEMM_OpenCL_Test */ = {isa = PBXFileReference; explicitFileType = "compiled.mach-o.executable"; includeInIndex = 0; path = BAEMM_OpenCL_Test; sourceTree = BUILT_PRODUCTS_DIR; };
		AF1A0AB12C4BD120008E55D5 /* main.cpp */ = {isa = PBXFileReference; lastKnownFileType = sourcecode.cpp.cpp; path = main.cpp; sourceTree = "<group>"; };
		AF1A0AB62C4BD37E008E55D5 /* ReadMeshFromFile.hpp */ = {isa = PBXFileReference; lastKnownFileType = sourcecode.cpp.h; path = ReadMeshFromFile.hpp; sourceTree = "<group>"; };
		AF1A0AB82C4BD72B008E55D5 /* OpenCL.framework */ = {isa = PBXFileReference; lastKnownFileType = wrapper.framework; name = OpenCL.framework; path = System/Library/Frameworks/OpenCL.framework; sourceTree = SDKROOT; };
		AFA1CF0E298E56FF00085994 /* LICENSE */ = {isa = PBXFileReference; fileEncoding = 4; lastKnownFileType = text; path = LICENSE; sourceTree = "<group>"; };
		AFA1CF10298E56FF00085994 /* README.md */ = {isa = PBXFileReference; fileEncoding = 4; lastKnownFileType = net.daringfireball.markdown; path = README.md; sourceTree = "<group>"; };
		AFA1CF12298E572A00085994 /* Accelerate.framework */ = {isa = PBXFileReference; lastKnownFileType = wrapper.framework; name = Accelerate.framework; path = System/Library/Frameworks/Accelerate.framework; sourceTree = SDKROOT; };
		AFA1CF14298E573500085994 /* Foundation.framework */ = {isa = PBXFileReference; lastKnownFileType = wrapper.framework; name = Foundation.framework; path = System/Library/Frameworks/Foundation.framework; sourceTree = SDKROOT; };
		AFA1CF16298E573E00085994 /* Metal.framework */ = {isa = PBXFileReference; lastKnownFileType = wrapper.framework; name = Metal.framework; path = System/Library/Frameworks/Metal.framework; sourceTree = SDKROOT; };
		AFA1CF1C298E588D00085994 /* BAEMM_Test */ = {isa = PBXFileReference; explicitFileType = "compiled.mach-o.executable"; includeInIndex = 0; path = BAEMM_Test; sourceTree = BUILT_PRODUCTS_DIR; };
		AFA1CF1E298E588E00085994 /* main.cpp */ = {isa = PBXFileReference; lastKnownFileType = sourcecode.cpp.cpp; path = main.cpp; sourceTree = "<group>"; };
		AFA1CF23298E58F500085994 /* BAEMM_Test.entitlements */ = {isa = PBXFileReference; lastKnownFileType = text.plist.entitlements; path = BAEMM_Test.entitlements; sourceTree = "<group>"; };
		AFBB95112998F3F3003C6D4B /* Helmholtz_Metal.hpp */ = {isa = PBXFileReference; lastKnownFileType = sourcecode.cpp.h; path = Helmholtz_Metal.hpp; sourceTree = "<group>"; };
		AFC65BBD2C4E8EBF00F497D0 /* BAEMM_Common.hpp */ = {isa = PBXFileReference; lastKnownFileType = sourcecode.cpp.h; path = BAEMM_Common.hpp; sourceTree = "<group>"; };
		AFDE648A2C57B44100CA4669 /* Test_GaussNewton */ = {isa = PBXFileReference; explicitFileType = "compiled.mach-o.executable"; includeInIndex = 0; path = Test_GaussNewton; sourceTree = BUILT_PRODUCTS_DIR; };
		AFDE648C2C57B44100CA4669 /* main.cpp */ = {isa = PBXFileReference; lastKnownFileType = sourcecode.cpp.cpp; path = main.cpp; sourceTree = "<group>"; };
/* End PBXFileReference section */

/* Begin PBXFrameworksBuildPhase section */
		AF1A0AAC2C4BD120008E55D5 /* Frameworks */ = {
			isa = PBXFrameworksBuildPhase;
			buildActionMask = 2147483647;
			files = (
				AF1A0AB72C4BD725008E55D5 /* Accelerate.framework in Frameworks */,
				AF1A0AB92C4BD72B008E55D5 /* OpenCL.framework in Frameworks */,
			);
			runOnlyForDeploymentPostprocessing = 0;
		};
		AFA1CF19298E588D00085994 /* Frameworks */ = {
			isa = PBXFrameworksBuildPhase;
			buildActionMask = 2147483647;
			files = (
				AFA1CF25298E59A600085994 /* Metal.framework in Frameworks */,
				AFA1CF26298E59AB00085994 /* Foundation.framework in Frameworks */,
				AFA1CF24298E59A100085994 /* Accelerate.framework in Frameworks */,
			);
			runOnlyForDeploymentPostprocessing = 0;
		};
		AFDE64872C57B44100CA4669 /* Frameworks */ = {
			isa = PBXFrameworksBuildPhase;
			buildActionMask = 2147483647;
			files = (
				AFDE64912C57B44500CA4669 /* Accelerate.framework in Frameworks */,
				AFDE64922C57B44A00CA4669 /* OpenCL.framework in Frameworks */,
			);
			runOnlyForDeploymentPostprocessing = 0;
		};
/* End PBXFrameworksBuildPhase section */

/* Begin PBXGroup section */
		AF1A0AB02C4BD120008E55D5 /* BAEMM_OpenCL_Test */ = {
			isa = PBXGroup;
			children = (
				AF1A0AB12C4BD120008E55D5 /* main.cpp */,
			);
			path = BAEMM_OpenCL_Test;
			sourceTree = "<group>";
		};
		AFA1CEF2298E56D400085994 = {
			isa = PBXGroup;
			children = (
				AF1A0AA22C4BA3AB008E55D5 /* main */,
				AF1A0AA52C4BA3AB008E55D5 /* Mathematica */,
				AF1A0AA02C4BA3AB008E55D5 /* Meshes */,
				AF1A0AA72C4BA3AB008E55D5 /* ReadWrite */,
				AF1A0AA32C4BA3AB008E55D5 /* src */,
				AF1A0AA82C4BA3AB008E55D5 /* submodules */,
				AFBB95112998F3F3003C6D4B /* Helmholtz_Metal.hpp */,
				AF1A0AAA2C4BA458008E55D5 /* Helmholtz_CPU.hpp */,
				AF1A0A9F2C4BA3AB008E55D5 /* Helmholtz_OpenCL.hpp */,
				AFC65BBD2C4E8EBF00F497D0 /* BAEMM_Common.hpp */,
				AF1A0AB62C4BD37E008E55D5 /* ReadMeshFromFile.hpp */,
				AF12A5E12C5BD2EC009ED3DF /* ReadMeshFromSTL.hpp */,
				AFA1CF0E298E56FF00085994 /* LICENSE */,
				AFA1CF10298E56FF00085994 /* README.md */,
				AFA1CF1D298E588E00085994 /* BAEMM_Test */,
				AF1A0AB02C4BD120008E55D5 /* BAEMM_OpenCL_Test */,
				AFDE648B2C57B44100CA4669 /* Test_GaussNewton */,
				AFA1CEFC298E56D400085994 /* Products */,
				AFA1CF11298E572A00085994 /* Frameworks */,
			);
			sourceTree = "<group>";
		};
		AFA1CEFC298E56D400085994 /* Products */ = {
			isa = PBXGroup;
			children = (
				AFA1CF1C298E588D00085994 /* BAEMM_Test */,
				AF1A0AAF2C4BD120008E55D5 /* BAEMM_OpenCL_Test */,
				AFDE648A2C57B44100CA4669 /* Test_GaussNewton */,
			);
			name = Products;
			sourceTree = "<group>";
		};
		AFA1CF11298E572A00085994 /* Frameworks */ = {
			isa = PBXGroup;
			children = (
				AF1A0AB82C4BD72B008E55D5 /* OpenCL.framework */,
				AFA1CF16298E573E00085994 /* Metal.framework */,
				AFA1CF14298E573500085994 /* Foundation.framework */,
				AFA1CF12298E572A00085994 /* Accelerate.framework */,
			);
			name = Frameworks;
			sourceTree = "<group>";
		};
		AFA1CF1D298E588E00085994 /* BAEMM_Test */ = {
			isa = PBXGroup;
			children = (
				AFA1CF23298E58F500085994 /* BAEMM_Test.entitlements */,
				AFA1CF1E298E588E00085994 /* main.cpp */,
			);
			path = BAEMM_Test;
			sourceTree = "<group>";
		};
		AFDE648B2C57B44100CA4669 /* Test_GaussNewton */ = {
			isa = PBXGroup;
			children = (
				AFDE648C2C57B44100CA4669 /* main.cpp */,
			);
			path = Test_GaussNewton;
			sourceTree = "<group>";
		};
/* End PBXGroup section */

/* Begin PBXNativeTarget section */
		AF1A0AAE2C4BD120008E55D5 /* BAEMM_OpenCL_Test */ = {
			isa = PBXNativeTarget;
			buildConfigurationList = AF1A0AB32C4BD120008E55D5 /* Build configuration list for PBXNativeTarget "BAEMM_OpenCL_Test" */;
			buildPhases = (
				AF1A0AAB2C4BD120008E55D5 /* Sources */,
				AF1A0AAC2C4BD120008E55D5 /* Frameworks */,
				AF1A0AAD2C4BD120008E55D5 /* CopyFiles */,
			);
			buildRules = (
			);
			dependencies = (
			);
			name = BAEMM_OpenCL_Test;
			productName = BAEMM_OpenCL_Test;
			productReference = AF1A0AAF2C4BD120008E55D5 /* BAEMM_OpenCL_Test */;
			productType = "com.apple.product-type.tool";
		};
		AFA1CF1B298E588D00085994 /* BAEMM_Test */ = {
			isa = PBXNativeTarget;
			buildConfigurationList = AFA1CF20298E588E00085994 /* Build configuration list for PBXNativeTarget "BAEMM_Test" */;
			buildPhases = (
				AFA1CF18298E588D00085994 /* Sources */,
				AFA1CF19298E588D00085994 /* Frameworks */,
				AFA1CF1A298E588D00085994 /* CopyFiles */,
			);
			buildRules = (
			);
			dependencies = (
			);
			name = BAEMM_Test;
			productName = BAEMM_Test;
			productReference = AFA1CF1C298E588D00085994 /* BAEMM_Test */;
			productType = "com.apple.product-type.tool";
		};
		AFDE64892C57B44100CA4669 /* Test_GaussNewton */ = {
			isa = PBXNativeTarget;
			buildConfigurationList = AFDE64902C57B44100CA4669 /* Build configuration list for PBXNativeTarget "Test_GaussNewton" */;
			buildPhases = (
				AFDE64862C57B44100CA4669 /* Sources */,
				AFDE64872C57B44100CA4669 /* Frameworks */,
				AFDE64882C57B44100CA4669 /* CopyFiles */,
			);
			buildRules = (
			);
			dependencies = (
			);
			name = Test_GaussNewton;
			productName = Test_GaussNewton;
			productReference = AFDE648A2C57B44100CA4669 /* Test_GaussNewton */;
			productType = "com.apple.product-type.tool";
		};
/* End PBXNativeTarget section */

/* Begin PBXProject section */
		AFA1CEF3298E56D400085994 /* Project object */ = {
			isa = PBXProject;
			attributes = {
				BuildIndependentTargetsInParallel = 1;
				LastUpgradeCheck = 1540;
				TargetAttributes = {
					AF1A0AAE2C4BD120008E55D5 = {
						CreatedOnToolsVersion = 15.4;
					};
					AFA1CF1B298E588D00085994 = {
						CreatedOnToolsVersion = 14.2;
					};
					AFDE64892C57B44100CA4669 = {
						CreatedOnToolsVersion = 15.4;
					};
				};
			};
			buildConfigurationList = AFA1CEF6298E56D400085994 /* Build configuration list for PBXProject "BAEMM" */;
			compatibilityVersion = "Xcode 14.0";
			developmentRegion = en;
			hasScannedForEncodings = 0;
			knownRegions = (
				en,
				Base,
			);
			mainGroup = AFA1CEF2298E56D400085994;
			productRefGroup = AFA1CEFC298E56D400085994 /* Products */;
			projectDirPath = "";
			projectRoot = "";
			targets = (
				AFA1CF1B298E588D00085994 /* BAEMM_Test */,
				AF1A0AAE2C4BD120008E55D5 /* BAEMM_OpenCL_Test */,
				AFDE64892C57B44100CA4669 /* Test_GaussNewton */,
			);
		};
/* End PBXProject section */

/* Begin PBXSourcesBuildPhase section */
		AF1A0AAB2C4BD120008E55D5 /* Sources */ = {
			isa = PBXSourcesBuildPhase;
			buildActionMask = 2147483647;
			files = (
				AF1A0AB22C4BD120008E55D5 /* main.cpp in Sources */,
			);
			runOnlyForDeploymentPostprocessing = 0;
		};
		AFA1CF18298E588D00085994 /* Sources */ = {
			isa = PBXSourcesBuildPhase;
			buildActionMask = 2147483647;
			files = (
				AFA1CF1F298E588E00085994 /* main.cpp in Sources */,
			);
			runOnlyForDeploymentPostprocessing = 0;
		};
		AFDE64862C57B44100CA4669 /* Sources */ = {
			isa = PBXSourcesBuildPhase;
			buildActionMask = 2147483647;
			files = (
				AFDE648D2C57B44100CA4669 /* main.cpp in Sources */,
			);
			runOnlyForDeploymentPostprocessing = 0;
		};
/* End PBXSourcesBuildPhase section */

/* Begin XCBuildConfiguration section */
		AF1A0AB42C4BD120008E55D5 /* Debug */ = {
			isa = XCBuildConfiguration;
			buildSettings = {
				ASSETCATALOG_COMPILER_GENERATE_SWIFT_ASSET_SYMBOL_EXTENSIONS = YES;
				CODE_SIGN_STYLE = Automatic;
				DEVELOPMENT_TEAM = Y6DQ749ZRT;
				ENABLE_HARDENED_RUNTIME = NO;
				LOCALIZATION_PREFERS_STRING_CATALOGS = YES;
				MACOSX_DEPLOYMENT_TARGET = 14.5;
				OTHER_LDFLAGS = (
					"-lamd",
					"-lm",
					"-ldl",
				);
				PRODUCT_NAME = "$(TARGET_NAME)";
				SYSTEM_HEADER_SEARCH_PATHS = /opt/homebrew/opt/suitesparse/include/suitesparse;
			};
			name = Debug;
		};
		AF1A0AB52C4BD120008E55D5 /* Release */ = {
			isa = XCBuildConfiguration;
			buildSettings = {
				ASSETCATALOG_COMPILER_GENERATE_SWIFT_ASSET_SYMBOL_EXTENSIONS = YES;
				CODE_SIGN_STYLE = Automatic;
				DEVELOPMENT_TEAM = Y6DQ749ZRT;
				ENABLE_HARDENED_RUNTIME = NO;
				LOCALIZATION_PREFERS_STRING_CATALOGS = YES;
				MACOSX_DEPLOYMENT_TARGET = 14.5;
				OTHER_LDFLAGS = (
					"-lamd",
					"-lm",
					"-ldl",
				);
				PRODUCT_NAME = "$(TARGET_NAME)";
				SYSTEM_HEADER_SEARCH_PATHS = /opt/homebrew/opt/suitesparse/include/suitesparse;
			};
			name = Release;
		};
		AFA1CF00298E56D400085994 /* Debug */ = {
			isa = XCBuildConfiguration;
			buildSettings = {
				ALWAYS_SEARCH_USER_PATHS = NO;
				CLANG_ANALYZER_NONNULL = YES;
				CLANG_ANALYZER_NUMBER_OBJECT_CONVERSION = YES_AGGRESSIVE;
				CLANG_CXX_LANGUAGE_STANDARD = "c++20";
				CLANG_ENABLE_MODULES = YES;
				CLANG_ENABLE_OBJC_ARC = YES;
				CLANG_ENABLE_OBJC_WEAK = YES;
				CLANG_WARN_BLOCK_CAPTURE_AUTORELEASING = YES;
				CLANG_WARN_BOOL_CONVERSION = YES;
				CLANG_WARN_COMMA = YES;
				CLANG_WARN_CONSTANT_CONVERSION = YES;
				CLANG_WARN_DEPRECATED_OBJC_IMPLEMENTATIONS = YES;
				CLANG_WARN_DIRECT_OBJC_ISA_USAGE = YES_ERROR;
				CLANG_WARN_DOCUMENTATION_COMMENTS = YES;
				CLANG_WARN_EMPTY_BODY = YES;
				CLANG_WARN_ENUM_CONVERSION = YES;
				CLANG_WARN_INFINITE_RECURSION = YES;
				CLANG_WARN_INT_CONVERSION = YES;
				CLANG_WARN_NON_LITERAL_NULL_CONVERSION = YES;
				CLANG_WARN_OBJC_IMPLICIT_RETAIN_SELF = YES;
				CLANG_WARN_OBJC_LITERAL_CONVERSION = YES;
				CLANG_WARN_OBJC_ROOT_CLASS = YES_ERROR;
				CLANG_WARN_QUOTED_INCLUDE_IN_FRAMEWORK_HEADER = YES;
				CLANG_WARN_RANGE_LOOP_ANALYSIS = YES;
				CLANG_WARN_STRICT_PROTOTYPES = YES;
				CLANG_WARN_SUSPICIOUS_MOVE = YES;
				CLANG_WARN_UNGUARDED_AVAILABILITY = YES_AGGRESSIVE;
				CLANG_WARN_UNREACHABLE_CODE = YES;
				CLANG_WARN__DUPLICATE_METHOD_MATCH = YES;
				COPY_PHASE_STRIP = NO;
				DEAD_CODE_STRIPPING = YES;
				DEBUG_INFORMATION_FORMAT = dwarf;
				ENABLE_STRICT_OBJC_MSGSEND = YES;
				ENABLE_TESTABILITY = YES;
				ENABLE_USER_SCRIPT_SANDBOXING = YES;
				GCC_DYNAMIC_NO_PIC = NO;
				GCC_NO_COMMON_BLOCKS = YES;
				GCC_OPTIMIZATION_LEVEL = 0;
				GCC_PREPROCESSOR_DEFINITIONS = (
					"DEBUG=1",
					"$(inherited)",
				);
				GCC_WARN_64_TO_32_BIT_CONVERSION = YES;
				GCC_WARN_ABOUT_RETURN_TYPE = YES_ERROR;
				GCC_WARN_UNDECLARED_SELECTOR = YES;
				GCC_WARN_UNINITIALIZED_AUTOS = YES_AGGRESSIVE;
				GCC_WARN_UNUSED_FUNCTION = YES;
				GCC_WARN_UNUSED_VARIABLE = YES;
				HEADER_SEARCH_PATHS = (
					/Users/Henrik/github/Repulsor,
					"submodules/metal-cpp",
				);
				LIBRARY_SEARCH_PATHS = /opt/homebrew/opt/suitesparse/lib;
				MACOSX_DEPLOYMENT_TARGET = 13.1;
				MTL_ENABLE_DEBUG_INFO = INCLUDE_SOURCE;
				MTL_FAST_MATH = YES;
				ONLY_ACTIVE_ARCH = YES;
				OTHER_CPLUSPLUSFLAGS = (
					"$(OTHER_CFLAGS)",
					"-pthread",
					"-fenable-matrix",
				);
				OTHER_LDFLAGS = (
					"-lm",
					"-ldl",
				);
				SDKROOT = macosx;
				SYSTEM_HEADER_SEARCH_PATHS = (
					"/opt/homebrew/Cellar/opencl-headers/2024.05.08/include",
					/opt/homebrew/opt/suitesparse/include/suitesparse,
				);
			};
			name = Debug;
		};
		AFA1CF01298E56D400085994 /* Release */ = {
			isa = XCBuildConfiguration;
			buildSettings = {
				ALWAYS_SEARCH_USER_PATHS = NO;
				CLANG_ANALYZER_NONNULL = YES;
				CLANG_ANALYZER_NUMBER_OBJECT_CONVERSION = YES_AGGRESSIVE;
				CLANG_CXX_LANGUAGE_STANDARD = "c++20";
				CLANG_ENABLE_MODULES = YES;
				CLANG_ENABLE_OBJC_ARC = YES;
				CLANG_ENABLE_OBJC_WEAK = YES;
				CLANG_WARN_BLOCK_CAPTURE_AUTORELEASING = YES;
				CLANG_WARN_BOOL_CONVERSION = YES;
				CLANG_WARN_COMMA = YES;
				CLANG_WARN_CONSTANT_CONVERSION = YES;
				CLANG_WARN_DEPRECATED_OBJC_IMPLEMENTATIONS = YES;
				CLANG_WARN_DIRECT_OBJC_ISA_USAGE = YES_ERROR;
				CLANG_WARN_DOCUMENTATION_COMMENTS = YES;
				CLANG_WARN_EMPTY_BODY = YES;
				CLANG_WARN_ENUM_CONVERSION = YES;
				CLANG_WARN_INFINITE_RECURSION = YES;
				CLANG_WARN_INT_CONVERSION = YES;
				CLANG_WARN_NON_LITERAL_NULL_CONVERSION = YES;
				CLANG_WARN_OBJC_IMPLICIT_RETAIN_SELF = YES;
				CLANG_WARN_OBJC_LITERAL_CONVERSION = YES;
				CLANG_WARN_OBJC_ROOT_CLASS = YES_ERROR;
				CLANG_WARN_QUOTED_INCLUDE_IN_FRAMEWORK_HEADER = YES;
				CLANG_WARN_RANGE_LOOP_ANALYSIS = YES;
				CLANG_WARN_STRICT_PROTOTYPES = YES;
				CLANG_WARN_SUSPICIOUS_MOVE = YES;
				CLANG_WARN_UNGUARDED_AVAILABILITY = YES_AGGRESSIVE;
				CLANG_WARN_UNREACHABLE_CODE = YES;
				CLANG_WARN__DUPLICATE_METHOD_MATCH = YES;
				COPY_PHASE_STRIP = NO;
				DEAD_CODE_STRIPPING = YES;
				DEBUG_INFORMATION_FORMAT = "dwarf-with-dsym";
				ENABLE_NS_ASSERTIONS = NO;
				ENABLE_STRICT_OBJC_MSGSEND = YES;
				ENABLE_USER_SCRIPT_SANDBOXING = YES;
				GCC_NO_COMMON_BLOCKS = YES;
				GCC_OPTIMIZATION_LEVEL = fast;
				GCC_WARN_64_TO_32_BIT_CONVERSION = YES;
				GCC_WARN_ABOUT_RETURN_TYPE = YES_ERROR;
				GCC_WARN_UNDECLARED_SELECTOR = YES;
				GCC_WARN_UNINITIALIZED_AUTOS = YES_AGGRESSIVE;
				GCC_WARN_UNUSED_FUNCTION = YES;
				GCC_WARN_UNUSED_VARIABLE = YES;
				HEADER_SEARCH_PATHS = (
					/Users/Henrik/github/Repulsor,
					"submodules/metal-cpp",
				);
				LIBRARY_SEARCH_PATHS = /opt/homebrew/opt/suitesparse/lib;
				MACOSX_DEPLOYMENT_TARGET = 13.1;
				MTL_ENABLE_DEBUG_INFO = NO;
				MTL_FAST_MATH = YES;
				ONLY_ACTIVE_ARCH = YES;
				OTHER_CPLUSPLUSFLAGS = (
					"$(OTHER_CFLAGS)",
					"-pthread",
					"-fenable-matrix",
				);
				OTHER_LDFLAGS = (
					"-lm",
					"-ldl",
				);
				SDKROOT = macosx;
				SYSTEM_HEADER_SEARCH_PATHS = (
					"/opt/homebrew/Cellar/opencl-headers/2024.05.08/include",
					/opt/homebrew/opt/suitesparse/include/suitesparse,
				);
			};
			name = Release;
		};
		AFA1CF21298E588E00085994 /* Debug */ = {
			isa = XCBuildConfiguration;
			buildSettings = {
				CODE_SIGN_ENTITLEMENTS = BAEMM_Test/BAEMM_Test.entitlements;
				CODE_SIGN_STYLE = Automatic;
				DEAD_CODE_STRIPPING = YES;
				DEVELOPMENT_TEAM = Y6DQ749ZRT;
				ENABLE_HARDENED_RUNTIME = YES;
				PRODUCT_NAME = "$(TARGET_NAME)";
			};
			name = Debug;
		};
		AFA1CF22298E588E00085994 /* Release */ = {
			isa = XCBuildConfiguration;
			buildSettings = {
				CODE_SIGN_ENTITLEMENTS = BAEMM_Test/BAEMM_Test.entitlements;
				CODE_SIGN_STYLE = Automatic;
				DEAD_CODE_STRIPPING = YES;
				DEVELOPMENT_TEAM = Y6DQ749ZRT;
				ENABLE_HARDENED_RUNTIME = YES;
				PRODUCT_NAME = "$(TARGET_NAME)";
			};
			name = Release;
		};
		AFDE648E2C57B44100CA4669 /* Debug */ = {
			isa = XCBuildConfiguration;
			buildSettings = {
				ASSETCATALOG_COMPILER_GENERATE_SWIFT_ASSET_SYMBOL_EXTENSIONS = YES;
				CLANG_CXX_LANGUAGE_STANDARD = "gnu++20";
				CODE_SIGN_STYLE = Automatic;
				DEVELOPMENT_TEAM = Y6DQ749ZRT;
				ENABLE_HARDENED_RUNTIME = NO;
				GCC_C_LANGUAGE_STANDARD = gnu17;
				LOCALIZATION_PREFERS_STRING_CATALOGS = YES;
				MACOSX_DEPLOYMENT_TARGET = 14.5;
				PRODUCT_NAME = "$(TARGET_NAME)";
			};
			name = Debug;
		};
		AFDE648F2C57B44100CA4669 /* Release */ = {
			isa = XCBuildConfiguration;
			buildSettings = {
				ASSETCATALOG_COMPILER_GENERATE_SWIFT_ASSET_SYMBOL_EXTENSIONS = YES;
				CLANG_CXX_LANGUAGE_STANDARD = "gnu++20";
				CODE_SIGN_STYLE = Automatic;
				DEVELOPMENT_TEAM = Y6DQ749ZRT;
				ENABLE_HARDENED_RUNTIME = NO;
				GCC_C_LANGUAGE_STANDARD = gnu17;
				LOCALIZATION_PREFERS_STRING_CATALOGS = YES;
				MACOSX_DEPLOYMENT_TARGET = 14.5;
				PRODUCT_NAME = "$(TARGET_NAME)";
			};
			name = Release;
		};
/* End XCBuildConfiguration section */

/* Begin XCConfigurationList section */
		AF1A0AB32C4BD120008E55D5 /* Build configuration list for PBXNativeTarget "BAEMM_OpenCL_Test" */ = {
			isa = XCConfigurationList;
			buildConfigurations = (
				AF1A0AB42C4BD120008E55D5 /* Debug */,
				AF1A0AB52C4BD120008E55D5 /* Release */,
			);
			defaultConfigurationIsVisible = 0;
			defaultConfigurationName = Release;
		};
		AFA1CEF6298E56D400085994 /* Build configuration list for PBXProject "BAEMM" */ = {
			isa = XCConfigurationList;
			buildConfigurations = (
				AFA1CF00298E56D400085994 /* Debug */,
				AFA1CF01298E56D400085994 /* Release */,
			);
			defaultConfigurationIsVisible = 0;
			defaultConfigurationName = Release;
		};
		AFA1CF20298E588E00085994 /* Build configuration list for PBXNativeTarget "BAEMM_Test" */ = {
			isa = XCConfigurationList;
			buildConfigurations = (
				AFA1CF21298E588E00085994 /* Debug */,
				AFA1CF22298E588E00085994 /* Release */,
			);
			defaultConfigurationIsVisible = 0;
			defaultConfigurationName = Release;
		};
		AFDE64902C57B44100CA4669 /* Build configuration list for PBXNativeTarget "Test_GaussNewton" */ = {
			isa = XCConfigurationList;
			buildConfigurations = (
				AFDE648E2C57B44100CA4669 /* Debug */,
				AFDE648F2C57B44100CA4669 /* Release */,
			);
			defaultConfigurationIsVisible = 0;
			defaultConfigurationName = Release;
		};
/* End XCConfigurationList section */
	};
	rootObject = AFA1CEF3298E56D400085994 /* Project object */;
}
