// !$*UTF8*$!
{
	archiveVersion = 1;
	classes = {
	};
	objectVersion = 56;
	objects = {

/* Begin PBXBuildFile section */
		AF73BBF72997FE3400526B7D /* main.cpp in Sources */ = {isa = PBXBuildFile; fileRef = AF73BBF62997FE3400526B7D /* main.cpp */; };
		AF73BBFB2997FE3A00526B7D /* Accelerate.framework in Frameworks */ = {isa = PBXBuildFile; fileRef = AFA1CF12298E572A00085994 /* Accelerate.framework */; };
		AF73BBFC2997FE4300526B7D /* Foundation.framework in Frameworks */ = {isa = PBXBuildFile; fileRef = AFA1CF14298E573500085994 /* Foundation.framework */; };
		AF73BBFD2997FE4800526B7D /* Metal.framework in Frameworks */ = {isa = PBXBuildFile; fileRef = AFA1CF16298E573E00085994 /* Metal.framework */; };
		AFA1CF1F298E588E00085994 /* main.cpp in Sources */ = {isa = PBXBuildFile; fileRef = AFA1CF1E298E588E00085994 /* main.cpp */; };
		AFA1CF24298E59A100085994 /* Accelerate.framework in Frameworks */ = {isa = PBXBuildFile; fileRef = AFA1CF12298E572A00085994 /* Accelerate.framework */; };
		AFA1CF25298E59A600085994 /* Metal.framework in Frameworks */ = {isa = PBXBuildFile; fileRef = AFA1CF16298E573E00085994 /* Metal.framework */; };
		AFA1CF26298E59AB00085994 /* Foundation.framework in Frameworks */ = {isa = PBXBuildFile; fileRef = AFA1CF14298E573500085994 /* Foundation.framework */; };
/* End PBXBuildFile section */

/* Begin PBXCopyFilesBuildPhase section */
		AF73BBF22997FE3400526B7D /* CopyFiles */ = {
			isa = PBXCopyFilesBuildPhase;
			buildActionMask = 2147483647;
			dstPath = /usr/share/man/man1/;
			dstSubfolderSpec = 0;
			files = (
			);
			runOnlyForDeploymentPostprocessing = 1;
		};
		AFA1CF1A298E588D00085994 /* CopyFiles */ = {
			isa = PBXCopyFilesBuildPhase;
			buildActionMask = 2147483647;
			dstPath = /usr/share/man/man1/;
			dstSubfolderSpec = 0;
			files = (
			);
			runOnlyForDeploymentPostprocessing = 1;
		};
/* End PBXCopyFilesBuildPhase section */

/* Begin PBXFileReference section */
		AF73BBF42997FE3400526B7D /* Metal_Experiments */ = {isa = PBXFileReference; explicitFileType = "compiled.mach-o.executable"; includeInIndex = 0; path = Metal_Experiments; sourceTree = BUILT_PRODUCTS_DIR; };
		AF73BBF62997FE3400526B7D /* main.cpp */ = {isa = PBXFileReference; lastKnownFileType = sourcecode.cpp.cpp; path = main.cpp; sourceTree = "<group>"; };
		AF73BBFE2997FE4F00526B7D /* Metal_Experiments.entitlements */ = {isa = PBXFileReference; lastKnownFileType = text.plist.entitlements; path = Metal_Experiments.entitlements; sourceTree = "<group>"; };
		AFA1CF06298E56FF00085994 /* Notes */ = {isa = PBXFileReference; lastKnownFileType = folder; path = Notes; sourceTree = "<group>"; };
		AFA1CF07298E56FF00085994 /* Mathematica */ = {isa = PBXFileReference; lastKnownFileType = folder; path = Mathematica; sourceTree = "<group>"; };
		AFA1CF09298E56FF00085994 /* src */ = {isa = PBXFileReference; lastKnownFileType = folder; path = src; sourceTree = "<group>"; };
		AFA1CF0B298E56FF00085994 /* Tensors */ = {isa = PBXFileReference; lastKnownFileType = folder; path = Tensors; sourceTree = "<group>"; };
		AFA1CF0C298E56FF00085994 /* Literature */ = {isa = PBXFileReference; lastKnownFileType = folder; path = Literature; sourceTree = "<group>"; };
		AFA1CF0D298E56FF00085994 /* Meshes */ = {isa = PBXFileReference; lastKnownFileType = folder; path = Meshes; sourceTree = "<group>"; };
		AFA1CF0E298E56FF00085994 /* LICENSE */ = {isa = PBXFileReference; fileEncoding = 4; lastKnownFileType = text; path = LICENSE; sourceTree = "<group>"; };
		AFA1CF0F298E56FF00085994 /* metal-cpp */ = {isa = PBXFileReference; lastKnownFileType = folder; path = "metal-cpp"; sourceTree = "<group>"; };
		AFA1CF10298E56FF00085994 /* README.md */ = {isa = PBXFileReference; fileEncoding = 4; lastKnownFileType = net.daringfireball.markdown; path = README.md; sourceTree = "<group>"; };
		AFA1CF12298E572A00085994 /* Accelerate.framework */ = {isa = PBXFileReference; lastKnownFileType = wrapper.framework; name = Accelerate.framework; path = System/Library/Frameworks/Accelerate.framework; sourceTree = SDKROOT; };
		AFA1CF14298E573500085994 /* Foundation.framework */ = {isa = PBXFileReference; lastKnownFileType = wrapper.framework; name = Foundation.framework; path = System/Library/Frameworks/Foundation.framework; sourceTree = SDKROOT; };
		AFA1CF16298E573E00085994 /* Metal.framework */ = {isa = PBXFileReference; lastKnownFileType = wrapper.framework; name = Metal.framework; path = System/Library/Frameworks/Metal.framework; sourceTree = SDKROOT; };
		AFA1CF1C298E588D00085994 /* BAEMM_Test */ = {isa = PBXFileReference; explicitFileType = "compiled.mach-o.executable"; includeInIndex = 0; path = BAEMM_Test; sourceTree = BUILT_PRODUCTS_DIR; };
		AFA1CF1E298E588E00085994 /* main.cpp */ = {isa = PBXFileReference; lastKnownFileType = sourcecode.cpp.cpp; path = main.cpp; sourceTree = "<group>"; };
		AFA1CF23298E58F500085994 /* BAEMM_Test.entitlements */ = {isa = PBXFileReference; lastKnownFileType = text.plist.entitlements; path = BAEMM_Test.entitlements; sourceTree = "<group>"; };
		AFBB95102998F3F3003C6D4B /* Helmholtz_CPU.hpp */ = {isa = PBXFileReference; lastKnownFileType = sourcecode.cpp.h; path = Helmholtz_CPU.hpp; sourceTree = "<group>"; };
		AFBB95112998F3F3003C6D4B /* Helmholtz_Metal.hpp */ = {isa = PBXFileReference; lastKnownFileType = sourcecode.cpp.h; path = Helmholtz_Metal.hpp; sourceTree = "<group>"; };
/* End PBXFileReference section */

/* Begin PBXFrameworksBuildPhase section */
		AF73BBF12997FE3400526B7D /* Frameworks */ = {
			isa = PBXFrameworksBuildPhase;
			buildActionMask = 2147483647;
			files = (
				AF73BBFB2997FE3A00526B7D /* Accelerate.framework in Frameworks */,
				AF73BBFD2997FE4800526B7D /* Metal.framework in Frameworks */,
				AF73BBFC2997FE4300526B7D /* Foundation.framework in Frameworks */,
			);
			runOnlyForDeploymentPostprocessing = 0;
		};
		AFA1CF19298E588D00085994 /* Frameworks */ = {
			isa = PBXFrameworksBuildPhase;
			buildActionMask = 2147483647;
			files = (
				AFA1CF25298E59A600085994 /* Metal.framework in Frameworks */,
				AFA1CF26298E59AB00085994 /* Foundation.framework in Frameworks */,
				AFA1CF24298E59A100085994 /* Accelerate.framework in Frameworks */,
			);
			runOnlyForDeploymentPostprocessing = 0;
		};
/* End PBXFrameworksBuildPhase section */

/* Begin PBXGroup section */
		AF73BBF52997FE3400526B7D /* Metal_Experiments */ = {
			isa = PBXGroup;
			children = (
				AF73BBFE2997FE4F00526B7D /* Metal_Experiments.entitlements */,
				AF73BBF62997FE3400526B7D /* main.cpp */,
			);
			path = Metal_Experiments;
			sourceTree = "<group>";
		};
		AFA1CEF2298E56D400085994 = {
			isa = PBXGroup;
			children = (
				AFBB95102998F3F3003C6D4B /* Helmholtz_CPU.hpp */,
				AFBB95112998F3F3003C6D4B /* Helmholtz_Metal.hpp */,
				AFA1CF0E298E56FF00085994 /* LICENSE */,
				AFA1CF0C298E56FF00085994 /* Literature */,
				AFA1CF07298E56FF00085994 /* Mathematica */,
				AFA1CF0D298E56FF00085994 /* Meshes */,
				AFA1CF0F298E56FF00085994 /* metal-cpp */,
				AFA1CF06298E56FF00085994 /* Notes */,
				AFA1CF10298E56FF00085994 /* README.md */,
				AFA1CF09298E56FF00085994 /* src */,
				AFA1CF0B298E56FF00085994 /* Tensors */,
				AFA1CF1D298E588E00085994 /* BAEMM_Test */,
				AF73BBF52997FE3400526B7D /* Metal_Experiments */,
				AFA1CEFC298E56D400085994 /* Products */,
				AFA1CF11298E572A00085994 /* Frameworks */,
			);
			sourceTree = "<group>";
		};
		AFA1CEFC298E56D400085994 /* Products */ = {
			isa = PBXGroup;
			children = (
				AFA1CF1C298E588D00085994 /* BAEMM_Test */,
				AF73BBF42997FE3400526B7D /* Metal_Experiments */,
			);
			name = Products;
			sourceTree = "<group>";
		};
		AFA1CF11298E572A00085994 /* Frameworks */ = {
			isa = PBXGroup;
			children = (
				AFA1CF16298E573E00085994 /* Metal.framework */,
				AFA1CF14298E573500085994 /* Foundation.framework */,
				AFA1CF12298E572A00085994 /* Accelerate.framework */,
			);
			name = Frameworks;
			sourceTree = "<group>";
		};
		AFA1CF1D298E588E00085994 /* BAEMM_Test */ = {
			isa = PBXGroup;
			children = (
				AFA1CF23298E58F500085994 /* BAEMM_Test.entitlements */,
				AFA1CF1E298E588E00085994 /* main.cpp */,
			);
			path = BAEMM_Test;
			sourceTree = "<group>";
		};
/* End PBXGroup section */

/* Begin PBXNativeTarget section */
		AF73BBF32997FE3400526B7D /* Metal_Experiments */ = {
			isa = PBXNativeTarget;
			buildConfigurationList = AF73BBFA2997FE3400526B7D /* Build configuration list for PBXNativeTarget "Metal_Experiments" */;
			buildPhases = (
				AF73BBF02997FE3400526B7D /* Sources */,
				AF73BBF12997FE3400526B7D /* Frameworks */,
				AF73BBF22997FE3400526B7D /* CopyFiles */,
			);
			buildRules = (
			);
			dependencies = (
			);
			name = Metal_Experiments;
			productName = Metal_Experiments;
			productReference = AF73BBF42997FE3400526B7D /* Metal_Experiments */;
			productType = "com.apple.product-type.tool";
		};
		AFA1CF1B298E588D00085994 /* BAEMM_Test */ = {
			isa = PBXNativeTarget;
			buildConfigurationList = AFA1CF20298E588E00085994 /* Build configuration list for PBXNativeTarget "BAEMM_Test" */;
			buildPhases = (
				AFA1CF18298E588D00085994 /* Sources */,
				AFA1CF19298E588D00085994 /* Frameworks */,
				AFA1CF1A298E588D00085994 /* CopyFiles */,
			);
			buildRules = (
			);
			dependencies = (
			);
			name = BAEMM_Test;
			productName = BAEMM_Test;
			productReference = AFA1CF1C298E588D00085994 /* BAEMM_Test */;
			productType = "com.apple.product-type.tool";
		};
/* End PBXNativeTarget section */

/* Begin PBXProject section */
		AFA1CEF3298E56D400085994 /* Project object */ = {
			isa = PBXProject;
			attributes = {
				BuildIndependentTargetsInParallel = 1;
				LastUpgradeCheck = 1420;
				TargetAttributes = {
					AF73BBF32997FE3400526B7D = {
						CreatedOnToolsVersion = 14.2;
					};
					AFA1CF1B298E588D00085994 = {
						CreatedOnToolsVersion = 14.2;
					};
				};
			};
			buildConfigurationList = AFA1CEF6298E56D400085994 /* Build configuration list for PBXProject "BAEMM" */;
			compatibilityVersion = "Xcode 14.0";
			developmentRegion = en;
			hasScannedForEncodings = 0;
			knownRegions = (
				en,
				Base,
			);
			mainGroup = AFA1CEF2298E56D400085994;
			productRefGroup = AFA1CEFC298E56D400085994 /* Products */;
			projectDirPath = "";
			projectRoot = "";
			targets = (
				AFA1CF1B298E588D00085994 /* BAEMM_Test */,
				AF73BBF32997FE3400526B7D /* Metal_Experiments */,
			);
		};
/* End PBXProject section */

/* Begin PBXSourcesBuildPhase section */
		AF73BBF02997FE3400526B7D /* Sources */ = {
			isa = PBXSourcesBuildPhase;
			buildActionMask = 2147483647;
			files = (
				AF73BBF72997FE3400526B7D /* main.cpp in Sources */,
			);
			runOnlyForDeploymentPostprocessing = 0;
		};
		AFA1CF18298E588D00085994 /* Sources */ = {
			isa = PBXSourcesBuildPhase;
			buildActionMask = 2147483647;
			files = (
				AFA1CF1F298E588E00085994 /* main.cpp in Sources */,
			);
			runOnlyForDeploymentPostprocessing = 0;
		};
/* End PBXSourcesBuildPhase section */

/* Begin XCBuildConfiguration section */
		AF73BBF82997FE3400526B7D /* Debug */ = {
			isa = XCBuildConfiguration;
			buildSettings = {
				CLANG_CXX_LANGUAGE_STANDARD = "gnu++20";
				CODE_SIGN_ENTITLEMENTS = Metal_Experiments/Metal_Experiments.entitlements;
				CODE_SIGN_STYLE = Automatic;
				DEVELOPMENT_TEAM = Y6DQ749ZRT;
				ENABLE_HARDENED_RUNTIME = NO;
				PRODUCT_NAME = "$(TARGET_NAME)";
			};
			name = Debug;
		};
		AF73BBF92997FE3400526B7D /* Release */ = {
			isa = XCBuildConfiguration;
			buildSettings = {
				CLANG_CXX_LANGUAGE_STANDARD = "gnu++20";
				CODE_SIGN_ENTITLEMENTS = Metal_Experiments/Metal_Experiments.entitlements;
				CODE_SIGN_STYLE = Automatic;
				DEVELOPMENT_TEAM = Y6DQ749ZRT;
				ENABLE_HARDENED_RUNTIME = NO;
				PRODUCT_NAME = "$(TARGET_NAME)";
			};
			name = Release;
		};
		AFA1CF00298E56D400085994 /* Debug */ = {
			isa = XCBuildConfiguration;
			buildSettings = {
				ALWAYS_SEARCH_USER_PATHS = NO;
				CLANG_ANALYZER_NONNULL = YES;
				CLANG_ANALYZER_NUMBER_OBJECT_CONVERSION = YES_AGGRESSIVE;
				CLANG_CXX_LANGUAGE_STANDARD = "c++20";
				CLANG_ENABLE_MODULES = YES;
				CLANG_ENABLE_OBJC_ARC = YES;
				CLANG_ENABLE_OBJC_WEAK = YES;
				CLANG_WARN_BLOCK_CAPTURE_AUTORELEASING = YES;
				CLANG_WARN_BOOL_CONVERSION = YES;
				CLANG_WARN_COMMA = YES;
				CLANG_WARN_CONSTANT_CONVERSION = YES;
				CLANG_WARN_DEPRECATED_OBJC_IMPLEMENTATIONS = YES;
				CLANG_WARN_DIRECT_OBJC_ISA_USAGE = YES_ERROR;
				CLANG_WARN_DOCUMENTATION_COMMENTS = YES;
				CLANG_WARN_EMPTY_BODY = YES;
				CLANG_WARN_ENUM_CONVERSION = YES;
				CLANG_WARN_INFINITE_RECURSION = YES;
				CLANG_WARN_INT_CONVERSION = YES;
				CLANG_WARN_NON_LITERAL_NULL_CONVERSION = YES;
				CLANG_WARN_OBJC_IMPLICIT_RETAIN_SELF = YES;
				CLANG_WARN_OBJC_LITERAL_CONVERSION = YES;
				CLANG_WARN_OBJC_ROOT_CLASS = YES_ERROR;
				CLANG_WARN_QUOTED_INCLUDE_IN_FRAMEWORK_HEADER = YES;
				CLANG_WARN_RANGE_LOOP_ANALYSIS = YES;
				CLANG_WARN_STRICT_PROTOTYPES = YES;
				CLANG_WARN_SUSPICIOUS_MOVE = YES;
				CLANG_WARN_UNGUARDED_AVAILABILITY = YES_AGGRESSIVE;
				CLANG_WARN_UNREACHABLE_CODE = YES;
				CLANG_WARN__DUPLICATE_METHOD_MATCH = YES;
				COPY_PHASE_STRIP = NO;
				DEBUG_INFORMATION_FORMAT = dwarf;
				ENABLE_STRICT_OBJC_MSGSEND = YES;
				ENABLE_TESTABILITY = YES;
				GCC_C_LANGUAGE_STANDARD = gnu11;
				GCC_DYNAMIC_NO_PIC = NO;
				GCC_NO_COMMON_BLOCKS = YES;
				GCC_OPTIMIZATION_LEVEL = 0;
				GCC_PREPROCESSOR_DEFINITIONS = (
					"DEBUG=1",
					"$(inherited)",
				);
				GCC_WARN_64_TO_32_BIT_CONVERSION = YES;
				GCC_WARN_ABOUT_RETURN_TYPE = YES_ERROR;
				GCC_WARN_UNDECLARED_SELECTOR = YES;
				GCC_WARN_UNINITIALIZED_AUTOS = YES_AGGRESSIVE;
				GCC_WARN_UNUSED_FUNCTION = YES;
				GCC_WARN_UNUSED_VARIABLE = YES;
				HEADER_SEARCH_PATHS = (
					/opt/homebrew/opt/libomp/include,
					/Users/Henrik/github/Repulsor,
					"metal-cpp",
				);
				LIBRARY_SEARCH_PATHS = /opt/homebrew/opt/libomp/lib;
				MACOSX_DEPLOYMENT_TARGET = 13.1;
				MTL_ENABLE_DEBUG_INFO = INCLUDE_SOURCE;
				MTL_FAST_MATH = YES;
				ONLY_ACTIVE_ARCH = YES;
				OTHER_CPLUSPLUSFLAGS = (
					"$(OTHER_CFLAGS)",
					"-flto",
					"-fno-math-errno",
					"-ffast-math",
				);
				OTHER_LDFLAGS = (
					"-lm",
					"-ldl",
				);
				SDKROOT = macosx;
			};
			name = Debug;
		};
		AFA1CF01298E56D400085994 /* Release */ = {
			isa = XCBuildConfiguration;
			buildSettings = {
				ALWAYS_SEARCH_USER_PATHS = NO;
				CLANG_ANALYZER_NONNULL = YES;
				CLANG_ANALYZER_NUMBER_OBJECT_CONVERSION = YES_AGGRESSIVE;
				CLANG_CXX_LANGUAGE_STANDARD = "c++20";
				CLANG_ENABLE_MODULES = YES;
				CLANG_ENABLE_OBJC_ARC = YES;
				CLANG_ENABLE_OBJC_WEAK = YES;
				CLANG_WARN_BLOCK_CAPTURE_AUTORELEASING = YES;
				CLANG_WARN_BOOL_CONVERSION = YES;
				CLANG_WARN_COMMA = YES;
				CLANG_WARN_CONSTANT_CONVERSION = YES;
				CLANG_WARN_DEPRECATED_OBJC_IMPLEMENTATIONS = YES;
				CLANG_WARN_DIRECT_OBJC_ISA_USAGE = YES_ERROR;
				CLANG_WARN_DOCUMENTATION_COMMENTS = YES;
				CLANG_WARN_EMPTY_BODY = YES;
				CLANG_WARN_ENUM_CONVERSION = YES;
				CLANG_WARN_INFINITE_RECURSION = YES;
				CLANG_WARN_INT_CONVERSION = YES;
				CLANG_WARN_NON_LITERAL_NULL_CONVERSION = YES;
				CLANG_WARN_OBJC_IMPLICIT_RETAIN_SELF = YES;
				CLANG_WARN_OBJC_LITERAL_CONVERSION = YES;
				CLANG_WARN_OBJC_ROOT_CLASS = YES_ERROR;
				CLANG_WARN_QUOTED_INCLUDE_IN_FRAMEWORK_HEADER = YES;
				CLANG_WARN_RANGE_LOOP_ANALYSIS = YES;
				CLANG_WARN_STRICT_PROTOTYPES = YES;
				CLANG_WARN_SUSPICIOUS_MOVE = YES;
				CLANG_WARN_UNGUARDED_AVAILABILITY = YES_AGGRESSIVE;
				CLANG_WARN_UNREACHABLE_CODE = YES;
				CLANG_WARN__DUPLICATE_METHOD_MATCH = YES;
				COPY_PHASE_STRIP = NO;
				DEBUG_INFORMATION_FORMAT = "dwarf-with-dsym";
				ENABLE_NS_ASSERTIONS = NO;
				ENABLE_STRICT_OBJC_MSGSEND = YES;
				GCC_C_LANGUAGE_STANDARD = gnu11;
				GCC_NO_COMMON_BLOCKS = YES;
				GCC_OPTIMIZATION_LEVEL = fast;
				GCC_WARN_64_TO_32_BIT_CONVERSION = YES;
				GCC_WARN_ABOUT_RETURN_TYPE = YES_ERROR;
				GCC_WARN_UNDECLARED_SELECTOR = YES;
				GCC_WARN_UNINITIALIZED_AUTOS = YES_AGGRESSIVE;
				GCC_WARN_UNUSED_FUNCTION = YES;
				GCC_WARN_UNUSED_VARIABLE = YES;
				HEADER_SEARCH_PATHS = (
					/opt/homebrew/opt/libomp/include,
					/Users/Henrik/github/Repulsor,
					"metal-cpp",
				);
				LIBRARY_SEARCH_PATHS = /opt/homebrew/opt/libomp/lib;
				MACOSX_DEPLOYMENT_TARGET = 13.1;
				MTL_ENABLE_DEBUG_INFO = NO;
				MTL_FAST_MATH = YES;
				ONLY_ACTIVE_ARCH = YES;
				OTHER_CPLUSPLUSFLAGS = (
					"$(OTHER_CFLAGS)",
					"-flto",
					"-fno-math-errno",
					"-ffast-math",
				);
				OTHER_LDFLAGS = (
					"-lm",
					"-ldl",
				);
				SDKROOT = macosx;
			};
			name = Release;
		};
		AFA1CF21298E588E00085994 /* Debug */ = {
			isa = XCBuildConfiguration;
			buildSettings = {
				CLANG_CXX_LANGUAGE_STANDARD = "gnu++20";
				CODE_SIGN_ENTITLEMENTS = BAEMM_Test/BAEMM_Test.entitlements;
				CODE_SIGN_STYLE = Automatic;
				DEVELOPMENT_TEAM = Y6DQ749ZRT;
				ENABLE_HARDENED_RUNTIME = YES;
				PRODUCT_NAME = "$(TARGET_NAME)";
			};
			name = Debug;
		};
		AFA1CF22298E588E00085994 /* Release */ = {
			isa = XCBuildConfiguration;
			buildSettings = {
				CLANG_CXX_LANGUAGE_STANDARD = "gnu++20";
				CODE_SIGN_ENTITLEMENTS = BAEMM_Test/BAEMM_Test.entitlements;
				CODE_SIGN_STYLE = Automatic;
				DEVELOPMENT_TEAM = Y6DQ749ZRT;
				ENABLE_HARDENED_RUNTIME = YES;
				PRODUCT_NAME = "$(TARGET_NAME)";
			};
			name = Release;
		};
/* End XCBuildConfiguration section */

/* Begin XCConfigurationList section */
		AF73BBFA2997FE3400526B7D /* Build configuration list for PBXNativeTarget "Metal_Experiments" */ = {
			isa = XCConfigurationList;
			buildConfigurations = (
				AF73BBF82997FE3400526B7D /* Debug */,
				AF73BBF92997FE3400526B7D /* Release */,
			);
			defaultConfigurationIsVisible = 0;
			defaultConfigurationName = Release;
		};
		AFA1CEF6298E56D400085994 /* Build configuration list for PBXProject "BAEMM" */ = {
			isa = XCConfigurationList;
			buildConfigurations = (
				AFA1CF00298E56D400085994 /* Debug */,
				AFA1CF01298E56D400085994 /* Release */,
			);
			defaultConfigurationIsVisible = 0;
			defaultConfigurationName = Release;
		};
		AFA1CF20298E588E00085994 /* Build configuration list for PBXNativeTarget "BAEMM_Test" */ = {
			isa = XCConfigurationList;
			buildConfigurations = (
				AFA1CF21298E588E00085994 /* Debug */,
				AFA1CF22298E588E00085994 /* Release */,
			);
			defaultConfigurationIsVisible = 0;
			defaultConfigurationName = Release;
		};
/* End XCConfigurationList section */
	};
	rootObject = AFA1CEF3298E56D400085994 /* Project object */;
}
